// !$*UTF8*$!
{
	archiveVersion = 1;
	classes = {
	};
	objectVersion = 55;
	objects = {

/* Begin PBXBuildFile section */
		8E8EA33827DE372B00A02812 /* document.cpp in Sources */ = {isa = PBXBuildFile; fileRef = 8E8EA32D27DE372B00A02812 /* document.cpp */; };
		8E8EA33927DE372B00A02812 /* read_input_functions.cpp in Sources */ = {isa = PBXBuildFile; fileRef = 8E8EA33027DE372B00A02812 /* read_input_functions.cpp */; };
		8E8EA33A27DE372B00A02812 /* request_queue.cpp in Sources */ = {isa = PBXBuildFile; fileRef = 8E8EA33127DE372B00A02812 /* request_queue.cpp */; };
		8E8EA33B27DE372B00A02812 /* main.cpp in Sources */ = {isa = PBXBuildFile; fileRef = 8E8EA33227DE372B00A02812 /* main.cpp */; };
		8E8EA33C27DE372B00A02812 /* string_processing.cpp in Sources */ = {isa = PBXBuildFile; fileRef = 8E8EA33327DE372B00A02812 /* string_processing.cpp */; };
		8E8EA33D27DE372B00A02812 /* search_server.cpp in Sources */ = {isa = PBXBuildFile; fileRef = 8E8EA33527DE372B00A02812 /* search_server.cpp */; };
		8EBE8D9A27EF17110083A459 /* remove_duplicates.cpp in Sources */ = {isa = PBXBuildFile; fileRef = 8EBE8D9827EF17110083A459 /* remove_duplicates.cpp */; };
		8ED195EC281C69B0000B99AB /* process_queries.cpp in Sources */ = {isa = PBXBuildFile; fileRef = 8ED195EB281C69B0000B99AB /* process_queries.cpp */; };
		8EEC99472828077700303373 /* test_example_functions.cpp in Sources */ = {isa = PBXBuildFile; fileRef = 8EEC99462828077700303373 /* test_example_functions.cpp */; };
/* End PBXBuildFile section */

/* Begin PBXCopyFilesBuildPhase section */
		8E8EA30C27DE36C500A02812 /* CopyFiles */ = {
			isa = PBXCopyFilesBuildPhase;
			buildActionMask = 2147483647;
			dstPath = /usr/share/man/man1/;
			dstSubfolderSpec = 0;
			files = (
			);
			runOnlyForDeploymentPostprocessing = 1;
		};
/* End PBXCopyFilesBuildPhase section */

/* Begin PBXFileReference section */
		8E6EE4B527E603EB0025E365 /* log_duration.h */ = {isa = PBXFileReference; lastKnownFileType = sourcecode.c.h; path = log_duration.h; sourceTree = "<group>"; };
		8E8EA30E27DE36C500A02812 /* search-server */ = {isa = PBXFileReference; explicitFileType = "compiled.mach-o.executable"; includeInIndex = 0; path = "search-server"; sourceTree = BUILT_PRODUCTS_DIR; };
		8E8EA32C27DE372B00A02812 /* paginator.h */ = {isa = PBXFileReference; fileEncoding = 4; lastKnownFileType = sourcecode.c.h; path = paginator.h; sourceTree = "<group>"; };
		8E8EA32D27DE372B00A02812 /* document.cpp */ = {isa = PBXFileReference; fileEncoding = 4; lastKnownFileType = sourcecode.cpp.cpp; path = document.cpp; sourceTree = "<group>"; };
		8E8EA32E27DE372B00A02812 /* read_input_functions.h */ = {isa = PBXFileReference; fileEncoding = 4; lastKnownFileType = sourcecode.c.h; path = read_input_functions.h; sourceTree = "<group>"; };
		8E8EA32F27DE372B00A02812 /* document.h */ = {isa = PBXFileReference; fileEncoding = 4; lastKnownFileType = sourcecode.c.h; path = document.h; sourceTree = "<group>"; };
		8E8EA33027DE372B00A02812 /* read_input_functions.cpp */ = {isa = PBXFileReference; fileEncoding = 4; lastKnownFileType = sourcecode.cpp.cpp; path = read_input_functions.cpp; sourceTree = "<group>"; };
		8E8EA33127DE372B00A02812 /* request_queue.cpp */ = {isa = PBXFileReference; fileEncoding = 4; lastKnownFileType = sourcecode.cpp.cpp; path = request_queue.cpp; sourceTree = "<group>"; };
		8E8EA33227DE372B00A02812 /* main.cpp */ = {isa = PBXFileReference; fileEncoding = 4; lastKnownFileType = sourcecode.cpp.cpp; path = main.cpp; sourceTree = "<group>"; };
		8E8EA33327DE372B00A02812 /* string_processing.cpp */ = {isa = PBXFileReference; fileEncoding = 4; lastKnownFileType = sourcecode.cpp.cpp; path = string_processing.cpp; sourceTree = "<group>"; };
		8E8EA33427DE372B00A02812 /* string_processing.h */ = {isa = PBXFileReference; fileEncoding = 4; lastKnownFileType = sourcecode.c.h; path = string_processing.h; sourceTree = "<group>"; };
		8E8EA33527DE372B00A02812 /* search_server.cpp */ = {isa = PBXFileReference; fileEncoding = 4; lastKnownFileType = sourcecode.cpp.cpp; path = search_server.cpp; sourceTree = "<group>"; };
		8E8EA33627DE372B00A02812 /* search_server.h */ = {isa = PBXFileReference; fileEncoding = 4; lastKnownFileType = sourcecode.c.h; path = search_server.h; sourceTree = "<group>"; };
		8E8EA33727DE372B00A02812 /* request_queue.h */ = {isa = PBXFileReference; fileEncoding = 4; lastKnownFileType = sourcecode.c.h; path = request_queue.h; sourceTree = "<group>"; };
		8EBE8D9827EF17110083A459 /* remove_duplicates.cpp */ = {isa = PBXFileReference; lastKnownFileType = sourcecode.cpp.cpp; path = remove_duplicates.cpp; sourceTree = "<group>"; };
		8EBE8D9B27EF17730083A459 /* remove_duplicates.h */ = {isa = PBXFileReference; lastKnownFileType = sourcecode.c.h; path = remove_duplicates.h; sourceTree = "<group>"; };
		8ED195EA281C697C000B99AB /* process_queries.h */ = {isa = PBXFileReference; lastKnownFileType = sourcecode.c.h; path = process_queries.h; sourceTree = "<group>"; };
		8ED195EB281C69B0000B99AB /* process_queries.cpp */ = {isa = PBXFileReference; lastKnownFileType = sourcecode.cpp.cpp; path = process_queries.cpp; sourceTree = "<group>"; };
		8EEC99442827B17400303373 /* concurrent_map.h */ = {isa = PBXFileReference; lastKnownFileType = sourcecode.c.h; path = concurrent_map.h; sourceTree = "<group>"; };
		8EEC99452828072500303373 /* test_example_functions.h */ = {isa = PBXFileReference; lastKnownFileType = sourcecode.c.h; path = test_example_functions.h; sourceTree = "<group>"; };
		8EEC99462828077700303373 /* test_example_functions.cpp */ = {isa = PBXFileReference; lastKnownFileType = sourcecode.cpp.cpp; path = test_example_functions.cpp; sourceTree = "<group>"; };
/* End PBXFileReference section */

/* Begin PBXFrameworksBuildPhase section */
		8E8EA30B27DE36C500A02812 /* Frameworks */ = {
			isa = PBXFrameworksBuildPhase;
			buildActionMask = 2147483647;
			files = (
			);
			runOnlyForDeploymentPostprocessing = 0;
		};
/* End PBXFrameworksBuildPhase section */

/* Begin PBXGroup section */
		8E8EA30527DE36C500A02812 = {
			isa = PBXGroup;
			children = (
				8E8EA31027DE36C500A02812 /* search-server */,
				8E8EA30F27DE36C500A02812 /* Products */,
			);
			sourceTree = "<group>";
		};
		8E8EA30F27DE36C500A02812 /* Products */ = {
			isa = PBXGroup;
			children = (
				8E8EA30E27DE36C500A02812 /* search-server */,
			);
			name = Products;
			sourceTree = "<group>";
		};
		8E8EA31027DE36C500A02812 /* search-server */ = {
			isa = PBXGroup;
			children = (
				8EEC99462828077700303373 /* test_example_functions.cpp */,
				8EEC99452828072500303373 /* test_example_functions.h */,
				8EEC99442827B17400303373 /* concurrent_map.h */,
				8E8EA32D27DE372B00A02812 /* document.cpp */,
				8E8EA32F27DE372B00A02812 /* document.h */,
				8E8EA33227DE372B00A02812 /* main.cpp */,
				8E8EA32C27DE372B00A02812 /* paginator.h */,
				8E8EA33027DE372B00A02812 /* read_input_functions.cpp */,
				8E8EA32E27DE372B00A02812 /* read_input_functions.h */,
				8E8EA33127DE372B00A02812 /* request_queue.cpp */,
				8E8EA33727DE372B00A02812 /* request_queue.h */,
				8E8EA33527DE372B00A02812 /* search_server.cpp */,
				8E8EA33627DE372B00A02812 /* search_server.h */,
				8E8EA33327DE372B00A02812 /* string_processing.cpp */,
				8E8EA33427DE372B00A02812 /* string_processing.h */,
				8E6EE4B527E603EB0025E365 /* log_duration.h */,
				8EBE8D9827EF17110083A459 /* remove_duplicates.cpp */,
				8EBE8D9B27EF17730083A459 /* remove_duplicates.h */,
				8ED195EA281C697C000B99AB /* process_queries.h */,
				8ED195EB281C69B0000B99AB /* process_queries.cpp */,
			);
			path = "search-server";
			sourceTree = "<group>";
		};
/* End PBXGroup section */

/* Begin PBXNativeTarget section */
		8E8EA30D27DE36C500A02812 /* search-server */ = {
			isa = PBXNativeTarget;
			buildConfigurationList = 8E8EA31527DE36C500A02812 /* Build configuration list for PBXNativeTarget "search-server" */;
			buildPhases = (
				8E8EA30A27DE36C500A02812 /* Sources */,
				8E8EA30B27DE36C500A02812 /* Frameworks */,
				8E8EA30C27DE36C500A02812 /* CopyFiles */,
			);
			buildRules = (
			);
			dependencies = (
			);
			name = "search-server";
			productName = "search-server";
			productReference = 8E8EA30E27DE36C500A02812 /* search-server */;
			productType = "com.apple.product-type.tool";
		};
/* End PBXNativeTarget section */

/* Begin PBXProject section */
		8E8EA30627DE36C500A02812 /* Project object */ = {
			isa = PBXProject;
			attributes = {
				BuildIndependentTargetsInParallel = 1;
				LastUpgradeCheck = 1320;
				TargetAttributes = {
					8E8EA30D27DE36C500A02812 = {
						CreatedOnToolsVersion = 13.2.1;
					};
				};
			};
			buildConfigurationList = 8E8EA30927DE36C500A02812 /* Build configuration list for PBXProject "search-server" */;
			compatibilityVersion = "Xcode 13.0";
			developmentRegion = en;
			hasScannedForEncodings = 0;
			knownRegions = (
				en,
				Base,
			);
			mainGroup = 8E8EA30527DE36C500A02812;
			productRefGroup = 8E8EA30F27DE36C500A02812 /* Products */;
			projectDirPath = "";
			projectRoot = "";
			targets = (
				8E8EA30D27DE36C500A02812 /* search-server */,
			);
		};
/* End PBXProject section */

/* Begin PBXSourcesBuildPhase section */
		8E8EA30A27DE36C500A02812 /* Sources */ = {
			isa = PBXSourcesBuildPhase;
			buildActionMask = 2147483647;
			files = (
				8ED195EC281C69B0000B99AB /* process_queries.cpp in Sources */,
				8E8EA33927DE372B00A02812 /* read_input_functions.cpp in Sources */,
				8EBE8D9A27EF17110083A459 /* remove_duplicates.cpp in Sources */,
				8E8EA33827DE372B00A02812 /* document.cpp in Sources */,
				8E8EA33B27DE372B00A02812 /* main.cpp in Sources */,
				8E8EA33C27DE372B00A02812 /* string_processing.cpp in Sources */,
				8EEC99472828077700303373 /* test_example_functions.cpp in Sources */,
				8E8EA33A27DE372B00A02812 /* request_queue.cpp in Sources */,
				8E8EA33D27DE372B00A02812 /* search_server.cpp in Sources */,
			);
			runOnlyForDeploymentPostprocessing = 0;
		};
/* End PBXSourcesBuildPhase section */

/* Begin XCBuildConfiguration section */
		8E8EA31327DE36C500A02812 /* Debug */ = {
			isa = XCBuildConfiguration;
			buildSettings = {
				ALWAYS_SEARCH_USER_PATHS = NO;
				CLANG_ANALYZER_NONNULL = YES;
				CLANG_ANALYZER_NUMBER_OBJECT_CONVERSION = YES_AGGRESSIVE;
				CLANG_CXX_LANGUAGE_STANDARD = "gnu++17";
				CLANG_CXX_LIBRARY = "libc++";
				CLANG_ENABLE_MODULES = YES;
				CLANG_ENABLE_OBJC_ARC = YES;
				CLANG_ENABLE_OBJC_WEAK = YES;
				CLANG_WARN_BLOCK_CAPTURE_AUTORELEASING = YES;
				CLANG_WARN_BOOL_CONVERSION = YES;
				CLANG_WARN_COMMA = YES;
				CLANG_WARN_CONSTANT_CONVERSION = YES;
				CLANG_WARN_DEPRECATED_OBJC_IMPLEMENTATIONS = YES;
				CLANG_WARN_DIRECT_OBJC_ISA_USAGE = YES_ERROR;
				CLANG_WARN_DOCUMENTATION_COMMENTS = YES;
				CLANG_WARN_EMPTY_BODY = YES;
				CLANG_WARN_ENUM_CONVERSION = YES;
				CLANG_WARN_INFINITE_RECURSION = YES;
				CLANG_WARN_INT_CONVERSION = YES;
				CLANG_WARN_NON_LITERAL_NULL_CONVERSION = YES;
				CLANG_WARN_OBJC_IMPLICIT_RETAIN_SELF = YES;
				CLANG_WARN_OBJC_LITERAL_CONVERSION = YES;
				CLANG_WARN_OBJC_ROOT_CLASS = YES_ERROR;
				CLANG_WARN_QUOTED_INCLUDE_IN_FRAMEWORK_HEADER = YES;
				CLANG_WARN_RANGE_LOOP_ANALYSIS = YES;
				CLANG_WARN_STRICT_PROTOTYPES = YES;
				CLANG_WARN_SUSPICIOUS_MOVE = YES;
				CLANG_WARN_UNGUARDED_AVAILABILITY = YES_AGGRESSIVE;
				CLANG_WARN_UNREACHABLE_CODE = YES;
				CLANG_WARN__DUPLICATE_METHOD_MATCH = YES;
				COPY_PHASE_STRIP = NO;
				DEBUG_INFORMATION_FORMAT = dwarf;
				ENABLE_STRICT_OBJC_MSGSEND = YES;
				ENABLE_TESTABILITY = YES;
				GCC_C_LANGUAGE_STANDARD = gnu11;
				GCC_DYNAMIC_NO_PIC = NO;
				GCC_NO_COMMON_BLOCKS = YES;
				GCC_OPTIMIZATION_LEVEL = 0;
				GCC_PREPROCESSOR_DEFINITIONS = (
					"DEBUG=1",
					"$(inherited)",
				);
				GCC_WARN_64_TO_32_BIT_CONVERSION = YES;
				GCC_WARN_ABOUT_RETURN_TYPE = YES_ERROR;
				GCC_WARN_UNDECLARED_SELECTOR = YES;
				GCC_WARN_UNINITIALIZED_AUTOS = YES_AGGRESSIVE;
				GCC_WARN_UNUSED_FUNCTION = YES;
				GCC_WARN_UNUSED_VARIABLE = YES;
				MACOSX_DEPLOYMENT_TARGET = 12.1;
				MTL_ENABLE_DEBUG_INFO = INCLUDE_SOURCE;
				MTL_FAST_MATH = YES;
				ONLY_ACTIVE_ARCH = YES;
				SDKROOT = macosx;
			};
			name = Debug;
		};
		8E8EA31427DE36C500A02812 /* Release */ = {
			isa = XCBuildConfiguration;
			buildSettings = {
				ALWAYS_SEARCH_USER_PATHS = NO;
				CLANG_ANALYZER_NONNULL = YES;
				CLANG_ANALYZER_NUMBER_OBJECT_CONVERSION = YES_AGGRESSIVE;
				CLANG_CXX_LANGUAGE_STANDARD = "gnu++17";
				CLANG_CXX_LIBRARY = "libc++";
				CLANG_ENABLE_MODULES = YES;
				CLANG_ENABLE_OBJC_ARC = YES;
				CLANG_ENABLE_OBJC_WEAK = YES;
				CLANG_WARN_BLOCK_CAPTURE_AUTORELEASING = YES;
				CLANG_WARN_BOOL_CONVERSION = YES;
				CLANG_WARN_COMMA = YES;
				CLANG_WARN_CONSTANT_CONVERSION = YES;
				CLANG_WARN_DEPRECATED_OBJC_IMPLEMENTATIONS = YES;
				CLANG_WARN_DIRECT_OBJC_ISA_USAGE = YES_ERROR;
				CLANG_WARN_DOCUMENTATION_COMMENTS = YES;
				CLANG_WARN_EMPTY_BODY = YES;
				CLANG_WARN_ENUM_CONVERSION = YES;
				CLANG_WARN_INFINITE_RECURSION = YES;
				CLANG_WARN_INT_CONVERSION = YES;
				CLANG_WARN_NON_LITERAL_NULL_CONVERSION = YES;
				CLANG_WARN_OBJC_IMPLICIT_RETAIN_SELF = YES;
				CLANG_WARN_OBJC_LITERAL_CONVERSION = YES;
				CLANG_WARN_OBJC_ROOT_CLASS = YES_ERROR;
				CLANG_WARN_QUOTED_INCLUDE_IN_FRAMEWORK_HEADER = YES;
				CLANG_WARN_RANGE_LOOP_ANALYSIS = YES;
				CLANG_WARN_STRICT_PROTOTYPES = YES;
				CLANG_WARN_SUSPICIOUS_MOVE = YES;
				CLANG_WARN_UNGUARDED_AVAILABILITY = YES_AGGRESSIVE;
				CLANG_WARN_UNREACHABLE_CODE = YES;
				CLANG_WARN__DUPLICATE_METHOD_MATCH = YES;
				COPY_PHASE_STRIP = NO;
				DEBUG_INFORMATION_FORMAT = "dwarf-with-dsym";
				ENABLE_NS_ASSERTIONS = NO;
				ENABLE_STRICT_OBJC_MSGSEND = YES;
				GCC_C_LANGUAGE_STANDARD = gnu11;
				GCC_NO_COMMON_BLOCKS = YES;
				GCC_WARN_64_TO_32_BIT_CONVERSION = YES;
				GCC_WARN_ABOUT_RETURN_TYPE = YES_ERROR;
				GCC_WARN_UNDECLARED_SELECTOR = YES;
				GCC_WARN_UNINITIALIZED_AUTOS = YES_AGGRESSIVE;
				GCC_WARN_UNUSED_FUNCTION = YES;
				GCC_WARN_UNUSED_VARIABLE = YES;
				MACOSX_DEPLOYMENT_TARGET = 12.1;
				MTL_ENABLE_DEBUG_INFO = NO;
				MTL_FAST_MATH = YES;
				SDKROOT = macosx;
			};
			name = Release;
		};
		8E8EA31627DE36C500A02812 /* Debug */ = {
			isa = XCBuildConfiguration;
			buildSettings = {
				CODE_SIGN_STYLE = Automatic;
				PRODUCT_NAME = "$(TARGET_NAME)";
			};
			name = Debug;
		};
		8E8EA31727DE36C500A02812 /* Release */ = {
			isa = XCBuildConfiguration;
			buildSettings = {
				CODE_SIGN_STYLE = Automatic;
				PRODUCT_NAME = "$(TARGET_NAME)";
			};
			name = Release;
		};
/* End XCBuildConfiguration section */

/* Begin XCConfigurationList section */
		8E8EA30927DE36C500A02812 /* Build configuration list for PBXProject "search-server" */ = {
			isa = XCConfigurationList;
			buildConfigurations = (
				8E8EA31327DE36C500A02812 /* Debug */,
				8E8EA31427DE36C500A02812 /* Release */,
			);
			defaultConfigurationIsVisible = 0;
			defaultConfigurationName = Release;
		};
		8E8EA31527DE36C500A02812 /* Build configuration list for PBXNativeTarget "search-server" */ = {
			isa = XCConfigurationList;
			buildConfigurations = (
				8E8EA31627DE36C500A02812 /* Debug */,
				8E8EA31727DE36C500A02812 /* Release */,
			);
			defaultConfigurationIsVisible = 0;
			defaultConfigurationName = Release;
		};
/* End XCConfigurationList section */
	};
	rootObject = 8E8EA30627DE36C500A02812 /* Project object */;
}
